
Microsoft Visual Studio Solution File, Format Version 12.00
# Visual Studio Version 16
VisualStudioVersion = 16.0.29021.104
MinimumVisualStudioVersion = 10.0.40219.1
Project("{FAE04EC0-301F-11D3-BF4B-00C04F79EFBC}") = "CPMA-Core-APP", "CPMA-Core-APP\CPMA-Core-APP.csproj", "{3D794D2A-6826-418A-AAF1-8813FD7C8090}"
EndProject
Project("{FAE04EC0-301F-11D3-BF4B-00C04F79EFBC}") = "CPMA-Core-APP.Android", "CPMA-Core-APP.Android\CPMA-Core-APP.Android.csproj", "{5D1E010B-6506-433B-8F2F-C565C46011A1}"
EndProject
Project("{FAE04EC0-301F-11D3-BF4B-00C04F79EFBC}") = "CPMA-Core-APP.iOS", "CPMA-Core-APP.iOS\CPMA-Core-APP.iOS.csproj", "{04F39D0A-F04B-4819-96C7-BCD39DFCF8F3}"
	ProjectSection(ProjectDependencies) = postProject
		{3D794D2A-6826-418A-AAF1-8813FD7C8090} = {3D794D2A-6826-418A-AAF1-8813FD7C8090}
	EndProjectSection
EndProject
Project("{9A19103F-16F7-4668-BE54-9A1E7A4F7556}") = "CPMA-Core-APP.ViewModels", "CPMA-Core-APP.ViewModels\CPMA-Core-APP.ViewModels.csproj", "{51562B7D-3F4B-4C0D-934F-A5DC49804FCD}"
EndProject
Project("{9A19103F-16F7-4668-BE54-9A1E7A4F7556}") = "CPMA-Core-APP.Common", "CPMA-Core-APP.Common\CPMA-Core-APP.Common.csproj", "{65235E2A-A4C7-4759-93C5-E834C724BC1C}"
EndProject
Project("{9A19103F-16F7-4668-BE54-9A1E7A4F7556}") = "CPMA-Core-APP.Utils", "CPMA-Core-APP.Utils\CPMA-Core-APP.Utils.csproj", "{E16B2080-A6B3-46E0-BEBD-8A2529332271}"
EndProject
Project("{9A19103F-16F7-4668-BE54-9A1E7A4F7556}") = "CPMA-Core-APP.API", "CPMA-Core-APP.API\CPMA-Core-APP.API.csproj", "{5F5F0190-A43F-41B2-B3D4-FDA29C2C83E0}"
EndProject
Project("{9A19103F-16F7-4668-BE54-9A1E7A4F7556}") = "CPMA-Core-APP.Model", "CPMA-Core-APP.Model\CPMA-Core-APP.Model.csproj", "{985E8D02-29CE-4FA8-AE2A-B02175B4F8C9}"
EndProject
Project("{9A19103F-16F7-4668-BE54-9A1E7A4F7556}") = "CPMA-Core-APP.Tests", "CPMA-Core-APP.Tests\CPMA-Core-APP.Tests.csproj", "{F1CEF9F4-DB93-467C-B5DB-2B8D22D59533}"
	ProjectSection(ProjectDependencies) = postProject
		{3D794D2A-6826-418A-AAF1-8813FD7C8090} = {3D794D2A-6826-418A-AAF1-8813FD7C8090}
	EndProjectSection
EndProject
Global
	GlobalSection(SolutionConfigurationPlatforms) = preSolution
		Ad-Hoc|Any CPU = Ad-Hoc|Any CPU
		Ad-Hoc|iPhone = Ad-Hoc|iPhone
		Ad-Hoc|iPhoneSimulator = Ad-Hoc|iPhoneSimulator
		AppStore|Any CPU = AppStore|Any CPU
		AppStore|iPhone = AppStore|iPhone
		AppStore|iPhoneSimulator = AppStore|iPhoneSimulator
		Debug|Any CPU = Debug|Any CPU
		Debug|iPhone = Debug|iPhone
		Debug|iPhoneSimulator = Debug|iPhoneSimulator
		Release|Any CPU = Release|Any CPU
		Release|iPhone = Release|iPhone
		Release|iPhoneSimulator = Release|iPhoneSimulator
	EndGlobalSection
	GlobalSection(ProjectConfigurationPlatforms) = postSolution
		{3D794D2A-6826-418A-AAF1-8813FD7C8090}.Ad-Hoc|Any CPU.ActiveCfg = Debug|Any CPU
		{3D794D2A-6826-418A-AAF1-8813FD7C8090}.Ad-Hoc|Any CPU.Build.0 = Debug|Any CPU
		{3D794D2A-6826-418A-AAF1-8813FD7C8090}.Ad-Hoc|iPhone.ActiveCfg = Debug|Any CPU
		{3D794D2A-6826-418A-AAF1-8813FD7C8090}.Ad-Hoc|iPhone.Build.0 = Debug|Any CPU
		{3D794D2A-6826-418A-AAF1-8813FD7C8090}.Ad-Hoc|iPhoneSimulator.ActiveCfg = Debug|Any CPU
		{3D794D2A-6826-418A-AAF1-8813FD7C8090}.Ad-Hoc|iPhoneSimulator.Build.0 = Debug|Any CPU
		{3D794D2A-6826-418A-AAF1-8813FD7C8090}.AppStore|Any CPU.ActiveCfg = Debug|Any CPU
		{3D794D2A-6826-418A-AAF1-8813FD7C8090}.AppStore|Any CPU.Build.0 = Debug|Any CPU
		{3D794D2A-6826-418A-AAF1-8813FD7C8090}.AppStore|iPhone.ActiveCfg = Debug|Any CPU
		{3D794D2A-6826-418A-AAF1-8813FD7C8090}.AppStore|iPhone.Build.0 = Debug|Any CPU
		{3D794D2A-6826-418A-AAF1-8813FD7C8090}.AppStore|iPhoneSimulator.ActiveCfg = Debug|Any CPU
		{3D794D2A-6826-418A-AAF1-8813FD7C8090}.AppStore|iPhoneSimulator.Build.0 = Debug|Any CPU
		{3D794D2A-6826-418A-AAF1-8813FD7C8090}.Debug|Any CPU.ActiveCfg = Debug|Any CPU
		{3D794D2A-6826-418A-AAF1-8813FD7C8090}.Debug|Any CPU.Build.0 = Debug|Any CPU
		{3D794D2A-6826-418A-AAF1-8813FD7C8090}.Debug|iPhone.ActiveCfg = Debug|Any CPU
		{3D794D2A-6826-418A-AAF1-8813FD7C8090}.Debug|iPhone.Build.0 = Debug|Any CPU
		{3D794D2A-6826-418A-AAF1-8813FD7C8090}.Debug|iPhoneSimulator.ActiveCfg = Debug|Any CPU
		{3D794D2A-6826-418A-AAF1-8813FD7C8090}.Debug|iPhoneSimulator.Build.0 = Debug|Any CPU
		{3D794D2A-6826-418A-AAF1-8813FD7C8090}.Release|Any CPU.ActiveCfg = Release|Any CPU
		{3D794D2A-6826-418A-AAF1-8813FD7C8090}.Release|Any CPU.Build.0 = Release|Any CPU
		{3D794D2A-6826-418A-AAF1-8813FD7C8090}.Release|iPhone.ActiveCfg = Release|Any CPU
		{3D794D2A-6826-418A-AAF1-8813FD7C8090}.Release|iPhone.Build.0 = Release|Any CPU
		{3D794D2A-6826-418A-AAF1-8813FD7C8090}.Release|iPhoneSimulator.ActiveCfg = Release|Any CPU
		{3D794D2A-6826-418A-AAF1-8813FD7C8090}.Release|iPhoneSimulator.Build.0 = Release|Any CPU
		{5D1E010B-6506-433B-8F2F-C565C46011A1}.Ad-Hoc|Any CPU.ActiveCfg = Release|Any CPU
		{5D1E010B-6506-433B-8F2F-C565C46011A1}.Ad-Hoc|Any CPU.Build.0 = Release|Any CPU
		{5D1E010B-6506-433B-8F2F-C565C46011A1}.Ad-Hoc|Any CPU.Deploy.0 = Release|Any CPU
		{5D1E010B-6506-433B-8F2F-C565C46011A1}.Ad-Hoc|iPhone.ActiveCfg = Release|Any CPU
		{5D1E010B-6506-433B-8F2F-C565C46011A1}.Ad-Hoc|iPhone.Build.0 = Release|Any CPU
		{5D1E010B-6506-433B-8F2F-C565C46011A1}.Ad-Hoc|iPhone.Deploy.0 = Release|Any CPU
		{5D1E010B-6506-433B-8F2F-C565C46011A1}.Ad-Hoc|iPhoneSimulator.ActiveCfg = Release|Any CPU
		{5D1E010B-6506-433B-8F2F-C565C46011A1}.Ad-Hoc|iPhoneSimulator.Build.0 = Release|Any CPU
		{5D1E010B-6506-433B-8F2F-C565C46011A1}.Ad-Hoc|iPhoneSimulator.Deploy.0 = Release|Any CPU
		{5D1E010B-6506-433B-8F2F-C565C46011A1}.AppStore|Any CPU.ActiveCfg = Release|Any CPU
		{5D1E010B-6506-433B-8F2F-C565C46011A1}.AppStore|Any CPU.Build.0 = Release|Any CPU
		{5D1E010B-6506-433B-8F2F-C565C46011A1}.AppStore|Any CPU.Deploy.0 = Release|Any CPU
		{5D1E010B-6506-433B-8F2F-C565C46011A1}.AppStore|iPhone.ActiveCfg = Release|Any CPU
		{5D1E010B-6506-433B-8F2F-C565C46011A1}.AppStore|iPhone.Build.0 = Release|Any CPU
		{5D1E010B-6506-433B-8F2F-C565C46011A1}.AppStore|iPhone.Deploy.0 = Release|Any CPU
		{5D1E010B-6506-433B-8F2F-C565C46011A1}.AppStore|iPhoneSimulator.ActiveCfg = Release|Any CPU
		{5D1E010B-6506-433B-8F2F-C565C46011A1}.AppStore|iPhoneSimulator.Build.0 = Release|Any CPU
		{5D1E010B-6506-433B-8F2F-C565C46011A1}.AppStore|iPhoneSimulator.Deploy.0 = Release|Any CPU
		{5D1E010B-6506-433B-8F2F-C565C46011A1}.Debug|Any CPU.ActiveCfg = Debug|Any CPU
		{5D1E010B-6506-433B-8F2F-C565C46011A1}.Debug|Any CPU.Build.0 = Debug|Any CPU
		{5D1E010B-6506-433B-8F2F-C565C46011A1}.Debug|Any CPU.Deploy.0 = Debug|Any CPU
		{5D1E010B-6506-433B-8F2F-C565C46011A1}.Debug|iPhone.ActiveCfg = Debug|Any CPU
		{5D1E010B-6506-433B-8F2F-C565C46011A1}.Debug|iPhone.Build.0 = Debug|Any CPU
		{5D1E010B-6506-433B-8F2F-C565C46011A1}.Debug|iPhone.Deploy.0 = Debug|Any CPU
		{5D1E010B-6506-433B-8F2F-C565C46011A1}.Debug|iPhoneSimulator.ActiveCfg = Debug|Any CPU
		{5D1E010B-6506-433B-8F2F-C565C46011A1}.Debug|iPhoneSimulator.Build.0 = Debug|Any CPU
		{5D1E010B-6506-433B-8F2F-C565C46011A1}.Debug|iPhoneSimulator.Deploy.0 = Debug|Any CPU
		{5D1E010B-6506-433B-8F2F-C565C46011A1}.Release|Any CPU.ActiveCfg = Release|Any CPU
		{5D1E010B-6506-433B-8F2F-C565C46011A1}.Release|Any CPU.Build.0 = Release|Any CPU
		{5D1E010B-6506-433B-8F2F-C565C46011A1}.Release|Any CPU.Deploy.0 = Release|Any CPU
		{5D1E010B-6506-433B-8F2F-C565C46011A1}.Release|iPhone.ActiveCfg = Release|Any CPU
		{5D1E010B-6506-433B-8F2F-C565C46011A1}.Release|iPhone.Build.0 = Release|Any CPU
		{5D1E010B-6506-433B-8F2F-C565C46011A1}.Release|iPhone.Deploy.0 = Release|Any CPU
		{5D1E010B-6506-433B-8F2F-C565C46011A1}.Release|iPhoneSimulator.ActiveCfg = Release|Any CPU
		{5D1E010B-6506-433B-8F2F-C565C46011A1}.Release|iPhoneSimulator.Build.0 = Release|Any CPU
		{5D1E010B-6506-433B-8F2F-C565C46011A1}.Release|iPhoneSimulator.Deploy.0 = Release|Any CPU
		{04F39D0A-F04B-4819-96C7-BCD39DFCF8F3}.Ad-Hoc|Any CPU.ActiveCfg = Release|iPhoneSimulator
		{04F39D0A-F04B-4819-96C7-BCD39DFCF8F3}.Ad-Hoc|Any CPU.Build.0 = Release|iPhoneSimulator
		{04F39D0A-F04B-4819-96C7-BCD39DFCF8F3}.Ad-Hoc|iPhone.ActiveCfg = AppStore|iPhone
		{04F39D0A-F04B-4819-96C7-BCD39DFCF8F3}.Ad-Hoc|iPhone.Build.0 = AppStore|iPhone
		{04F39D0A-F04B-4819-96C7-BCD39DFCF8F3}.Ad-Hoc|iPhoneSimulator.ActiveCfg = AppStore|iPhoneSimulator
		{04F39D0A-F04B-4819-96C7-BCD39DFCF8F3}.Ad-Hoc|iPhoneSimulator.Build.0 = AppStore|iPhoneSimulator
		{04F39D0A-F04B-4819-96C7-BCD39DFCF8F3}.AppStore|Any CPU.ActiveCfg = AppStore|iPhone
		{04F39D0A-F04B-4819-96C7-BCD39DFCF8F3}.AppStore|iPhone.ActiveCfg = AppStore|iPhone
		{04F39D0A-F04B-4819-96C7-BCD39DFCF8F3}.AppStore|iPhone.Build.0 = AppStore|iPhone
		{04F39D0A-F04B-4819-96C7-BCD39DFCF8F3}.AppStore|iPhoneSimulator.ActiveCfg = AppStore|iPhoneSimulator
		{04F39D0A-F04B-4819-96C7-BCD39DFCF8F3}.AppStore|iPhoneSimulator.Build.0 = AppStore|iPhoneSimulator
		{04F39D0A-F04B-4819-96C7-BCD39DFCF8F3}.Debug|Any CPU.ActiveCfg = Debug|iPhone
		{04F39D0A-F04B-4819-96C7-BCD39DFCF8F3}.Debug|iPhone.ActiveCfg = Debug|iPhone
		{04F39D0A-F04B-4819-96C7-BCD39DFCF8F3}.Debug|iPhone.Build.0 = Debug|iPhone
		{04F39D0A-F04B-4819-96C7-BCD39DFCF8F3}.Debug|iPhoneSimulator.ActiveCfg = Debug|iPhoneSimulator
		{04F39D0A-F04B-4819-96C7-BCD39DFCF8F3}.Debug|iPhoneSimulator.Build.0 = Debug|iPhoneSimulator
		{04F39D0A-F04B-4819-96C7-BCD39DFCF8F3}.Release|Any CPU.ActiveCfg = Release|iPhone
		{04F39D0A-F04B-4819-96C7-BCD39DFCF8F3}.Release|iPhone.ActiveCfg = Release|iPhone
		{04F39D0A-F04B-4819-96C7-BCD39DFCF8F3}.Release|iPhone.Build.0 = Release|iPhone
		{04F39D0A-F04B-4819-96C7-BCD39DFCF8F3}.Release|iPhoneSimulator.ActiveCfg = Release|iPhoneSimulator
		{04F39D0A-F04B-4819-96C7-BCD39DFCF8F3}.Release|iPhoneSimulator.Build.0 = Release|iPhoneSimulator
		{51562B7D-3F4B-4C0D-934F-A5DC49804FCD}.Ad-Hoc|Any CPU.ActiveCfg = Debug|Any CPU
		{51562B7D-3F4B-4C0D-934F-A5DC49804FCD}.Ad-Hoc|Any CPU.Build.0 = Debug|Any CPU
		{51562B7D-3F4B-4C0D-934F-A5DC49804FCD}.Ad-Hoc|iPhone.ActiveCfg = Debug|Any CPU
		{51562B7D-3F4B-4C0D-934F-A5DC49804FCD}.Ad-Hoc|iPhone.Build.0 = Debug|Any CPU
		{51562B7D-3F4B-4C0D-934F-A5DC49804FCD}.Ad-Hoc|iPhoneSimulator.ActiveCfg = Debug|Any CPU
		{51562B7D-3F4B-4C0D-934F-A5DC49804FCD}.Ad-Hoc|iPhoneSimulator.Build.0 = Debug|Any CPU
		{51562B7D-3F4B-4C0D-934F-A5DC49804FCD}.AppStore|Any CPU.ActiveCfg = Debug|Any CPU
		{51562B7D-3F4B-4C0D-934F-A5DC49804FCD}.AppStore|Any CPU.Build.0 = Debug|Any CPU
		{51562B7D-3F4B-4C0D-934F-A5DC49804FCD}.AppStore|iPhone.ActiveCfg = Debug|Any CPU
		{51562B7D-3F4B-4C0D-934F-A5DC49804FCD}.AppStore|iPhone.Build.0 = Debug|Any CPU
		{51562B7D-3F4B-4C0D-934F-A5DC49804FCD}.AppStore|iPhoneSimulator.ActiveCfg = Debug|Any CPU
		{51562B7D-3F4B-4C0D-934F-A5DC49804FCD}.AppStore|iPhoneSimulator.Build.0 = Debug|Any CPU
		{51562B7D-3F4B-4C0D-934F-A5DC49804FCD}.Debug|Any CPU.ActiveCfg = Debug|Any CPU
		{51562B7D-3F4B-4C0D-934F-A5DC49804FCD}.Debug|Any CPU.Build.0 = Debug|Any CPU
		{51562B7D-3F4B-4C0D-934F-A5DC49804FCD}.Debug|iPhone.ActiveCfg = Debug|Any CPU
		{51562B7D-3F4B-4C0D-934F-A5DC49804FCD}.Debug|iPhone.Build.0 = Debug|Any CPU
		{51562B7D-3F4B-4C0D-934F-A5DC49804FCD}.Debug|iPhoneSimulator.ActiveCfg = Debug|Any CPU
		{51562B7D-3F4B-4C0D-934F-A5DC49804FCD}.Debug|iPhoneSimulator.Build.0 = Debug|Any CPU
		{51562B7D-3F4B-4C0D-934F-A5DC49804FCD}.Release|Any CPU.ActiveCfg = Release|Any CPU
		{51562B7D-3F4B-4C0D-934F-A5DC49804FCD}.Release|Any CPU.Build.0 = Release|Any CPU
		{51562B7D-3F4B-4C0D-934F-A5DC49804FCD}.Release|iPhone.ActiveCfg = Release|Any CPU
		{51562B7D-3F4B-4C0D-934F-A5DC49804FCD}.Release|iPhone.Build.0 = Release|Any CPU
		{51562B7D-3F4B-4C0D-934F-A5DC49804FCD}.Release|iPhoneSimulator.ActiveCfg = Release|Any CPU
		{51562B7D-3F4B-4C0D-934F-A5DC49804FCD}.Release|iPhoneSimulator.Build.0 = Release|Any CPU
		{65235E2A-A4C7-4759-93C5-E834C724BC1C}.Ad-Hoc|Any CPU.ActiveCfg = Debug|Any CPU
		{65235E2A-A4C7-4759-93C5-E834C724BC1C}.Ad-Hoc|Any CPU.Build.0 = Debug|Any CPU
		{65235E2A-A4C7-4759-93C5-E834C724BC1C}.Ad-Hoc|iPhone.ActiveCfg = Debug|Any CPU
		{65235E2A-A4C7-4759-93C5-E834C724BC1C}.Ad-Hoc|iPhone.Build.0 = Debug|Any CPU
		{65235E2A-A4C7-4759-93C5-E834C724BC1C}.Ad-Hoc|iPhoneSimulator.ActiveCfg = Debug|Any CPU
		{65235E2A-A4C7-4759-93C5-E834C724BC1C}.Ad-Hoc|iPhoneSimulator.Build.0 = Debug|Any CPU
		{65235E2A-A4C7-4759-93C5-E834C724BC1C}.AppStore|Any CPU.ActiveCfg = Debug|Any CPU
		{65235E2A-A4C7-4759-93C5-E834C724BC1C}.AppStore|Any CPU.Build.0 = Debug|Any CPU
		{65235E2A-A4C7-4759-93C5-E834C724BC1C}.AppStore|iPhone.ActiveCfg = Debug|Any CPU
		{65235E2A-A4C7-4759-93C5-E834C724BC1C}.AppStore|iPhone.Build.0 = Debug|Any CPU
		{65235E2A-A4C7-4759-93C5-E834C724BC1C}.AppStore|iPhoneSimulator.ActiveCfg = Debug|Any CPU
		{65235E2A-A4C7-4759-93C5-E834C724BC1C}.AppStore|iPhoneSimulator.Build.0 = Debug|Any CPU
		{65235E2A-A4C7-4759-93C5-E834C724BC1C}.Debug|Any CPU.ActiveCfg = Debug|Any CPU
		{65235E2A-A4C7-4759-93C5-E834C724BC1C}.Debug|Any CPU.Build.0 = Debug|Any CPU
		{65235E2A-A4C7-4759-93C5-E834C724BC1C}.Debug|iPhone.ActiveCfg = Debug|Any CPU
		{65235E2A-A4C7-4759-93C5-E834C724BC1C}.Debug|iPhone.Build.0 = Debug|Any CPU
		{65235E2A-A4C7-4759-93C5-E834C724BC1C}.Debug|iPhoneSimulator.ActiveCfg = Debug|Any CPU
		{65235E2A-A4C7-4759-93C5-E834C724BC1C}.Debug|iPhoneSimulator.Build.0 = Debug|Any CPU
		{65235E2A-A4C7-4759-93C5-E834C724BC1C}.Release|Any CPU.ActiveCfg = Release|Any CPU
		{65235E2A-A4C7-4759-93C5-E834C724BC1C}.Release|Any CPU.Build.0 = Release|Any CPU
		{65235E2A-A4C7-4759-93C5-E834C724BC1C}.Release|iPhone.ActiveCfg = Release|Any CPU
		{65235E2A-A4C7-4759-93C5-E834C724BC1C}.Release|iPhone.Build.0 = Release|Any CPU
		{65235E2A-A4C7-4759-93C5-E834C724BC1C}.Release|iPhoneSimulator.ActiveCfg = Release|Any CPU
		{65235E2A-A4C7-4759-93C5-E834C724BC1C}.Release|iPhoneSimulator.Build.0 = Release|Any CPU
		{E16B2080-A6B3-46E0-BEBD-8A2529332271}.Ad-Hoc|Any CPU.ActiveCfg = Debug|Any CPU
		{E16B2080-A6B3-46E0-BEBD-8A2529332271}.Ad-Hoc|Any CPU.Build.0 = Debug|Any CPU
		{E16B2080-A6B3-46E0-BEBD-8A2529332271}.Ad-Hoc|iPhone.ActiveCfg = Debug|Any CPU
		{E16B2080-A6B3-46E0-BEBD-8A2529332271}.Ad-Hoc|iPhone.Build.0 = Debug|Any CPU
		{E16B2080-A6B3-46E0-BEBD-8A2529332271}.Ad-Hoc|iPhoneSimulator.ActiveCfg = Debug|Any CPU
		{E16B2080-A6B3-46E0-BEBD-8A2529332271}.Ad-Hoc|iPhoneSimulator.Build.0 = Debug|Any CPU
		{E16B2080-A6B3-46E0-BEBD-8A2529332271}.AppStore|Any CPU.ActiveCfg = Debug|Any CPU
		{E16B2080-A6B3-46E0-BEBD-8A2529332271}.AppStore|Any CPU.Build.0 = Debug|Any CPU
		{E16B2080-A6B3-46E0-BEBD-8A2529332271}.AppStore|iPhone.ActiveCfg = Debug|Any CPU
		{E16B2080-A6B3-46E0-BEBD-8A2529332271}.AppStore|iPhone.Build.0 = Debug|Any CPU
		{E16B2080-A6B3-46E0-BEBD-8A2529332271}.AppStore|iPhoneSimulator.ActiveCfg = Debug|Any CPU
		{E16B2080-A6B3-46E0-BEBD-8A2529332271}.AppStore|iPhoneSimulator.Build.0 = Debug|Any CPU
		{E16B2080-A6B3-46E0-BEBD-8A2529332271}.Debug|Any CPU.ActiveCfg = Debug|Any CPU
		{E16B2080-A6B3-46E0-BEBD-8A2529332271}.Debug|Any CPU.Build.0 = Debug|Any CPU
		{E16B2080-A6B3-46E0-BEBD-8A2529332271}.Debug|iPhone.ActiveCfg = Debug|Any CPU
		{E16B2080-A6B3-46E0-BEBD-8A2529332271}.Debug|iPhone.Build.0 = Debug|Any CPU
		{E16B2080-A6B3-46E0-BEBD-8A2529332271}.Debug|iPhoneSimulator.ActiveCfg = Debug|Any CPU
		{E16B2080-A6B3-46E0-BEBD-8A2529332271}.Debug|iPhoneSimulator.Build.0 = Debug|Any CPU
		{E16B2080-A6B3-46E0-BEBD-8A2529332271}.Release|Any CPU.ActiveCfg = Release|Any CPU
		{E16B2080-A6B3-46E0-BEBD-8A2529332271}.Release|Any CPU.Build.0 = Release|Any CPU
		{E16B2080-A6B3-46E0-BEBD-8A2529332271}.Release|iPhone.ActiveCfg = Release|Any CPU
		{E16B2080-A6B3-46E0-BEBD-8A2529332271}.Release|iPhone.Build.0 = Release|Any CPU
		{E16B2080-A6B3-46E0-BEBD-8A2529332271}.Release|iPhoneSimulator.ActiveCfg = Release|Any CPU
		{E16B2080-A6B3-46E0-BEBD-8A2529332271}.Release|iPhoneSimulator.Build.0 = Release|Any CPU
		{5F5F0190-A43F-41B2-B3D4-FDA29C2C83E0}.Ad-Hoc|Any CPU.ActiveCfg = Debug|Any CPU
		{5F5F0190-A43F-41B2-B3D4-FDA29C2C83E0}.Ad-Hoc|Any CPU.Build.0 = Debug|Any CPU
		{5F5F0190-A43F-41B2-B3D4-FDA29C2C83E0}.Ad-Hoc|iPhone.ActiveCfg = Debug|Any CPU
		{5F5F0190-A43F-41B2-B3D4-FDA29C2C83E0}.Ad-Hoc|iPhone.Build.0 = Debug|Any CPU
		{5F5F0190-A43F-41B2-B3D4-FDA29C2C83E0}.Ad-Hoc|iPhoneSimulator.ActiveCfg = Debug|Any CPU
		{5F5F0190-A43F-41B2-B3D4-FDA29C2C83E0}.Ad-Hoc|iPhoneSimulator.Build.0 = Debug|Any CPU
		{5F5F0190-A43F-41B2-B3D4-FDA29C2C83E0}.AppStore|Any CPU.ActiveCfg = Debug|Any CPU
		{5F5F0190-A43F-41B2-B3D4-FDA29C2C83E0}.AppStore|Any CPU.Build.0 = Debug|Any CPU
		{5F5F0190-A43F-41B2-B3D4-FDA29C2C83E0}.AppStore|iPhone.ActiveCfg = Debug|Any CPU
		{5F5F0190-A43F-41B2-B3D4-FDA29C2C83E0}.AppStore|iPhone.Build.0 = Debug|Any CPU
		{5F5F0190-A43F-41B2-B3D4-FDA29C2C83E0}.AppStore|iPhoneSimulator.ActiveCfg = Debug|Any CPU
		{5F5F0190-A43F-41B2-B3D4-FDA29C2C83E0}.AppStore|iPhoneSimulator.Build.0 = Debug|Any CPU
		{5F5F0190-A43F-41B2-B3D4-FDA29C2C83E0}.Debug|Any CPU.ActiveCfg = Debug|Any CPU
		{5F5F0190-A43F-41B2-B3D4-FDA29C2C83E0}.Debug|Any CPU.Build.0 = Debug|Any CPU
		{5F5F0190-A43F-41B2-B3D4-FDA29C2C83E0}.Debug|iPhone.ActiveCfg = Debug|Any CPU
		{5F5F0190-A43F-41B2-B3D4-FDA29C2C83E0}.Debug|iPhone.Build.0 = Debug|Any CPU
		{5F5F0190-A43F-41B2-B3D4-FDA29C2C83E0}.Debug|iPhoneSimulator.ActiveCfg = Debug|Any CPU
		{5F5F0190-A43F-41B2-B3D4-FDA29C2C83E0}.Debug|iPhoneSimulator.Build.0 = Debug|Any CPU
		{5F5F0190-A43F-41B2-B3D4-FDA29C2C83E0}.Release|Any CPU.ActiveCfg = Release|Any CPU
		{5F5F0190-A43F-41B2-B3D4-FDA29C2C83E0}.Release|Any CPU.Build.0 = Release|Any CPU
		{5F5F0190-A43F-41B2-B3D4-FDA29C2C83E0}.Release|iPhone.ActiveCfg = Release|Any CPU
		{5F5F0190-A43F-41B2-B3D4-FDA29C2C83E0}.Release|iPhone.Build.0 = Release|Any CPU
		{5F5F0190-A43F-41B2-B3D4-FDA29C2C83E0}.Release|iPhoneSimulator.ActiveCfg = Release|Any CPU
		{5F5F0190-A43F-41B2-B3D4-FDA29C2C83E0}.Release|iPhoneSimulator.Build.0 = Release|Any CPU
		{985E8D02-29CE-4FA8-AE2A-B02175B4F8C9}.Ad-Hoc|Any CPU.ActiveCfg = Debug|Any CPU
		{985E8D02-29CE-4FA8-AE2A-B02175B4F8C9}.Ad-Hoc|Any CPU.Build.0 = Debug|Any CPU
		{985E8D02-29CE-4FA8-AE2A-B02175B4F8C9}.Ad-Hoc|iPhone.ActiveCfg = Debug|Any CPU
		{985E8D02-29CE-4FA8-AE2A-B02175B4F8C9}.Ad-Hoc|iPhone.Build.0 = Debug|Any CPU
		{985E8D02-29CE-4FA8-AE2A-B02175B4F8C9}.Ad-Hoc|iPhoneSimulator.ActiveCfg = Debug|Any CPU
		{985E8D02-29CE-4FA8-AE2A-B02175B4F8C9}.Ad-Hoc|iPhoneSimulator.Build.0 = Debug|Any CPU
		{985E8D02-29CE-4FA8-AE2A-B02175B4F8C9}.AppStore|Any CPU.ActiveCfg = Debug|Any CPU
		{985E8D02-29CE-4FA8-AE2A-B02175B4F8C9}.AppStore|Any CPU.Build.0 = Debug|Any CPU
		{985E8D02-29CE-4FA8-AE2A-B02175B4F8C9}.AppStore|iPhone.ActiveCfg = Debug|Any CPU
		{985E8D02-29CE-4FA8-AE2A-B02175B4F8C9}.AppStore|iPhone.Build.0 = Debug|Any CPU
		{985E8D02-29CE-4FA8-AE2A-B02175B4F8C9}.AppStore|iPhoneSimulator.ActiveCfg = Debug|Any CPU
		{985E8D02-29CE-4FA8-AE2A-B02175B4F8C9}.AppStore|iPhoneSimulator.Build.0 = Debug|Any CPU
		{985E8D02-29CE-4FA8-AE2A-B02175B4F8C9}.Debug|Any CPU.ActiveCfg = Debug|Any CPU
		{985E8D02-29CE-4FA8-AE2A-B02175B4F8C9}.Debug|Any CPU.Build.0 = Debug|Any CPU
		{985E8D02-29CE-4FA8-AE2A-B02175B4F8C9}.Debug|iPhone.ActiveCfg = Debug|Any CPU
		{985E8D02-29CE-4FA8-AE2A-B02175B4F8C9}.Debug|iPhone.Build.0 = Debug|Any CPU
		{985E8D02-29CE-4FA8-AE2A-B02175B4F8C9}.Debug|iPhoneSimulator.ActiveCfg = Debug|Any CPU
		{985E8D02-29CE-4FA8-AE2A-B02175B4F8C9}.Debug|iPhoneSimulator.Build.0 = Debug|Any CPU
		{985E8D02-29CE-4FA8-AE2A-B02175B4F8C9}.Release|Any CPU.ActiveCfg = Release|Any CPU
		{985E8D02-29CE-4FA8-AE2A-B02175B4F8C9}.Release|Any CPU.Build.0 = Release|Any CPU
		{985E8D02-29CE-4FA8-AE2A-B02175B4F8C9}.Release|iPhone.ActiveCfg = Release|Any CPU
		{985E8D02-29CE-4FA8-AE2A-B02175B4F8C9}.Release|iPhone.Build.0 = Release|Any CPU
		{985E8D02-29CE-4FA8-AE2A-B02175B4F8C9}.Release|iPhoneSimulator.ActiveCfg = Release|Any CPU
		{985E8D02-29CE-4FA8-AE2A-B02175B4F8C9}.Release|iPhoneSimulator.Build.0 = Release|Any CPU
		{F1CEF9F4-DB93-467C-B5DB-2B8D22D59533}.Ad-Hoc|Any CPU.ActiveCfg = Debug|Any CPU
		{F1CEF9F4-DB93-467C-B5DB-2B8D22D59533}.Ad-Hoc|Any CPU.Build.0 = Debug|Any CPU
		{F1CEF9F4-DB93-467C-B5DB-2B8D22D59533}.Ad-Hoc|iPhone.ActiveCfg = Debug|Any CPU
		{F1CEF9F4-DB93-467C-B5DB-2B8D22D59533}.Ad-Hoc|iPhone.Build.0 = Debug|Any CPU
		{F1CEF9F4-DB93-467C-B5DB-2B8D22D59533}.Ad-Hoc|iPhoneSimulator.ActiveCfg = Debug|Any CPU
		{F1CEF9F4-DB93-467C-B5DB-2B8D22D59533}.Ad-Hoc|iPhoneSimulator.Build.0 = Debug|Any CPU
		{F1CEF9F4-DB93-467C-B5DB-2B8D22D59533}.AppStore|Any CPU.ActiveCfg = Debug|Any CPU
		{F1CEF9F4-DB93-467C-B5DB-2B8D22D59533}.AppStore|Any CPU.Build.0 = Debug|Any CPU
		{F1CEF9F4-DB93-467C-B5DB-2B8D22D59533}.AppStore|iPhone.ActiveCfg = Debug|Any CPU
		{F1CEF9F4-DB93-467C-B5DB-2B8D22D59533}.AppStore|iPhone.Build.0 = Debug|Any CPU
		{F1CEF9F4-DB93-467C-B5DB-2B8D22D59533}.AppStore|iPhoneSimulator.ActiveCfg = Debug|Any CPU
		{F1CEF9F4-DB93-467C-B5DB-2B8D22D59533}.AppStore|iPhoneSimulator.Build.0 = Debug|Any CPU
		{F1CEF9F4-DB93-467C-B5DB-2B8D22D59533}.Debug|Any CPU.ActiveCfg = Debug|Any CPU
		{F1CEF9F4-DB93-467C-B5DB-2B8D22D59533}.Debug|Any CPU.Build.0 = Debug|Any CPU
		{F1CEF9F4-DB93-467C-B5DB-2B8D22D59533}.Debug|iPhone.ActiveCfg = Debug|Any CPU
		{F1CEF9F4-DB93-467C-B5DB-2B8D22D59533}.Debug|iPhone.Build.0 = Debug|Any CPU
		{F1CEF9F4-DB93-467C-B5DB-2B8D22D59533}.Debug|iPhoneSimulator.ActiveCfg = Debug|Any CPU
		{F1CEF9F4-DB93-467C-B5DB-2B8D22D59533}.Debug|iPhoneSimulator.Build.0 = Debug|Any CPU
		{F1CEF9F4-DB93-467C-B5DB-2B8D22D59533}.Release|Any CPU.ActiveCfg = Release|Any CPU
		{F1CEF9F4-DB93-467C-B5DB-2B8D22D59533}.Release|Any CPU.Build.0 = Release|Any CPU
		{F1CEF9F4-DB93-467C-B5DB-2B8D22D59533}.Release|iPhone.ActiveCfg = Release|Any CPU
		{F1CEF9F4-DB93-467C-B5DB-2B8D22D59533}.Release|iPhone.Build.0 = Release|Any CPU
		{F1CEF9F4-DB93-467C-B5DB-2B8D22D59533}.Release|iPhoneSimulator.ActiveCfg = Release|Any CPU
		{F1CEF9F4-DB93-467C-B5DB-2B8D22D59533}.Release|iPhoneSimulator.Build.0 = Release|Any CPU
	EndGlobalSection
	GlobalSection(SolutionProperties) = preSolution
		HideSolutionNode = FALSE
	EndGlobalSection
	GlobalSection(ExtensibilityGlobals) = postSolution
		SolutionGuid = {90D995C5-0909-4DDD-A73B-BDB7037A1BAE}
	EndGlobalSection
EndGlobal
